
Microsoft Visual Studio Solution File, Format Version 12.00
# Visual Studio Version 17
VisualStudioVersion = 17.8.34525.116
MinimumVisualStudioVersion = 10.0.40219.1
Project("{FAE04EC0-301F-11D3-BF4B-00C04F79EFBC}") = "WindowsFormsApp1", "WindowsFormsApp1.csproj", "{CE3A0CCE-0857-4956-BE16-2C80C5200C1D}"
EndProject
Global
	GlobalSection(SolutionConfigurationPlatforms) = preSolution
		Debug|Any CPU = Debug|Any CPU
		Release|Any CPU = Release|Any CPU
	EndGlobalSection
	GlobalSection(ProjectConfigurationPlatforms) = postSolution
		{CE3A0CCE-0857-4956-BE16-2C80C5200C1D}.Debug|Any CPU.ActiveCfg = Debug|Any CPU
		{CE3A0CCE-0857-4956-BE16-2C80C5200C1D}.Debug|Any CPU.Build.0 = Debug|Any CPU
		{CE3A0CCE-0857-4956-BE16-2C80C5200C1D}.Release|Any CPU.ActiveCfg = Release|Any CPU
		{CE3A0CCE-0857-4956-BE16-2C80C5200C1D}.Release|Any CPU.Build.0 = Release|Any CPU
	EndGlobalSection
	GlobalSection(SolutionProperties) = preSolution
		HideSolutionNode = FALSE
	EndGlobalSection
	GlobalSection(ExtensibilityGlobals) = postSolution
		SolutionGuid = {EC685E30-A316-428F-AD19-AB544A043D5F}
	EndGlobalSection
EndGlobal
